
Microsoft Visual Studio Solution File, Format Version 12.00
# Visual Studio 14
VisualStudioVersion = 14.0.25420.1
MinimumVisualStudioVersion = 10.0.40219.1
Project("{FAE04EC0-301F-11D3-BF4B-00C04F79EFBC}") = "Acme.Library", "Acme.Library\Acme.Library.csproj", "{73325E68-BA84-4C7A-A6F6-1DD40EBB5D40}"
EndProject
Global
	GlobalSection(SolutionConfigurationPlatforms) = preSolution
		Debug|Any CPU = Debug|Any CPU
		Release|Any CPU = Release|Any CPU
	EndGlobalSection
	GlobalSection(ProjectConfigurationPlatforms) = postSolution
		{73325E68-BA84-4C7A-A6F6-1DD40EBB5D40}.Debug|Any CPU.ActiveCfg = Debug|Any CPU
		{73325E68-BA84-4C7A-A6F6-1DD40EBB5D40}.Debug|Any CPU.Build.0 = Debug|Any CPU
		{73325E68-BA84-4C7A-A6F6-1DD40EBB5D40}.Release|Any CPU.ActiveCfg = Release|Any CPU
		{73325E68-BA84-4C7A-A6F6-1DD40EBB5D40}.Release|Any CPU.Build.0 = Release|Any CPU
	EndGlobalSection
	GlobalSection(SolutionProperties) = preSolution
		HideSolutionNode = FALSE
	EndGlobalSection
EndGlobal
